Microsoft Visual Studio Solution File, Format Version 12.00
# Visual Studio 15
VisualStudioVersion = 15.0.27004.2009
MinimumVisualStudioVersion = 10.0.40219.1
Project("{8BC9CEB8-8B4A-11D0-8D11-00A0C91BC942}") = "dxfrw", "libraries\libdxfrw\dxfrw.vcxproj", "{52E04652-22E5-3611-B7CA-FDBC2AF67871}"
EndProject
Project("{8BC9CEB8-8B4A-11D0-8D11-00A0C91BC942}") = "jwwlib", "libraries\jwwlib\jwwlib.vcxproj", "{C4157FFE-B5D5-3177-9D9E-18C33849DC3D}"
EndProject
Project("{8BC9CEB8-8B4A-11D0-8D11-00A0C91BC942}") = "muparser", "libraries\muparser\muparser.vcxproj", "{36D48721-3B2E-3EBD-B7C8-8CE247EE2F03}"
EndProject
Project("{8BC9CEB8-8B4A-11D0-8D11-00A0C91BC942}") = "LibreCAD", "librecad\src\LibreCAD.vcxproj", "{93C42B3D-1899-302E-BC1C-BE48E7B13CE6}"
	ProjectSection(ProjectDependencies) = postProject
		{36D48721-3B2E-3EBD-B7C8-8CE247EE2F03} = {36D48721-3B2E-3EBD-B7C8-8CE247EE2F03}
		{52E04652-22E5-3611-B7CA-FDBC2AF67871} = {52E04652-22E5-3611-B7CA-FDBC2AF67871}
		{C4157FFE-B5D5-3177-9D9E-18C33849DC3D} = {C4157FFE-B5D5-3177-9D9E-18C33849DC3D}
	EndProjectSection
EndProject
Project("{8BC9CEB8-8B4A-11D0-8D11-00A0C91BC942}") = "asciifile", "plugins\asciifile\asciifile.vcxproj", "{B9B35408-3AEF-3E70-95F7-C0131953E5E5}"
EndProject
Project("{8BC9CEB8-8B4A-11D0-8D11-00A0C91BC942}") = "align", "plugins\align\align.vcxproj", "{175E52AD-F46C-3B63-AF00-1A44F777333B}"
EndProject
Project("{8BC9CEB8-8B4A-11D0-8D11-00A0C91BC942}") = "list", "plugins\list\list.vcxproj", "{1181CCD7-CCD5-33FC-A767-DD35062BCA50}"
EndProject
Project("{8BC9CEB8-8B4A-11D0-8D11-00A0C91BC942}") = "sameprop", "plugins\sameprop\sameprop.vcxproj", "{C8604451-9873-3E53-9691-03960E39F204}"
EndProject
Project("{8BC9CEB8-8B4A-11D0-8D11-00A0C91BC942}") = "importshp", "plugins\importshp\importshp.vcxproj", "{5C705DD7-AEC9-364A-8C13-0248C8512E77}"
EndProject
Project("{8BC9CEB8-8B4A-11D0-8D11-00A0C91BC942}") = "sample", "plugins\sample\sample.vcxproj", "{04225548-1F71-3004-A190-A4CD5B8AF7BD}"
EndProject
Project("{8BC9CEB8-8B4A-11D0-8D11-00A0C91BC942}") = "picfile", "plugins\picfile\picfile.vcxproj", "{8E8F9E3C-1E14-3382-8151-A7E8D90B4B68}"
EndProject
Project("{8BC9CEB8-8B4A-11D0-8D11-00A0C91BC942}") = "plotequation", "plugins\plotequation\plotequation.vcxproj", "{D39F69A0-6941-3ED6-B243-7ABBD3746FBD}"
	ProjectSection(ProjectDependencies) = postProject
		{36D48721-3B2E-3EBD-B7C8-8CE247EE2F03} = {36D48721-3B2E-3EBD-B7C8-8CE247EE2F03}
	EndProjectSection
EndProject
Project("{8BC9CEB8-8B4A-11D0-8D11-00A0C91BC942}") = "gear", "plugins\gear\gear.vcxproj", "{C9303C7F-89B2-3E50-8198-54E3FFC7468A}"
EndProject
Project("{8BC9CEB8-8B4A-11D0-8D11-00A0C91BC942}") = "ttf2lff", "tools\ttf2lff\ttf2lff.vcxproj", "{9F00614C-7E0B-3C12-ABB5-3B33BDF25905}"
EndProject
Project("{8BC9CEB8-8B4A-11D0-8D11-00A0C91BC942}") = "liststrip", "plugins\liststrip\liststrip.vcxproj", "{724B9EDE-FC7B-4D7F-8203-E901A3CFB5B2}"
EndProject
Project("{8BC9CEB8-8B4A-11D0-8D11-00A0C91BC942}") = "SelectByPolyline", "plugins\SelectByPolyline\SelectByPolyline.vcxproj", "{D6022BE9-3408-49ED-A5D7-F2B61902D32D}"
EndProject
Project("{8BC9CEB8-8B4A-11D0-8D11-00A0C91BC942}") = "ListLayer", "plugins\ListLayer\ListLayer.vcxproj", "{20B77F17-71D7-4740-96C2-BC509B444045}"
EndProject
Project("{8BC9CEB8-8B4A-11D0-8D11-00A0C91BC942}") = "ColumnTable", "plugins\ColumnTable\ColumnTable.vcxproj", "{28AFB970-2D31-4F80-B6A2-1FEB51169AA3}"
EndProject
Project("{8BC9CEB8-8B4A-11D0-8D11-00A0C91BC942}") = "SelectColumnFrame", "plugins\SelectColumnFrame\SelectColumnFrame.vcxproj", "{574E6C2B-3A27-458D-8D3B-2FF8E23BF17C}"
EndProject
Project("{8BC9CEB8-8B4A-11D0-8D11-00A0C91BC942}") = "ALL_BUILD", "ALL_BUILD\ALL_BUILD.vcxproj", "{D4C3E290-404F-414F-AD4C-9D328507635F}"
	ProjectSection(ProjectDependencies) = postProject
		{05757303-0EF0-4133-9566-ED387B275077} = {05757303-0EF0-4133-9566-ED387B275077}
		{20B77F17-71D7-4740-96C2-BC509B444045} = {20B77F17-71D7-4740-96C2-BC509B444045}
		{574E6C2B-3A27-458D-8D3B-2FF8E23BF17C} = {574E6C2B-3A27-458D-8D3B-2FF8E23BF17C}
		{07E1D83C-DB73-4017-9CE6-90EAB0F0E44F} = {07E1D83C-DB73-4017-9CE6-90EAB0F0E44F}
		{93C42B3D-1899-302E-BC1C-BE48E7B13CE6} = {93C42B3D-1899-302E-BC1C-BE48E7B13CE6}
		{E427A741-DFF0-4484-9FF8-6D4D16311D33} = {E427A741-DFF0-4484-9FF8-6D4D16311D33}
		{28AFB970-2D31-4F80-B6A2-1FEB51169AA3} = {28AFB970-2D31-4F80-B6A2-1FEB51169AA3}
		{9D7CE3B5-0E4A-4B12-A1D4-3A2C0B6B68A4} = {9D7CE3B5-0E4A-4B12-A1D4-3A2C0B6B68A4}
		{C82879C2-C2ED-4BBA-B475-A8CF738E91E4} = {C82879C2-C2ED-4BBA-B475-A8CF738E91E4}
		{1181CCD7-CCD5-33FC-A767-DD35062BCA50} = {1181CCD7-CCD5-33FC-A767-DD35062BCA50}
		{724B9EDE-FC7B-4D7F-8203-E901A3CFB5B2} = {724B9EDE-FC7B-4D7F-8203-E901A3CFB5B2}
		{D6022BE9-3408-49ED-A5D7-F2B61902D32D} = {D6022BE9-3408-49ED-A5D7-F2B61902D32D}
	EndProjectSection
EndProject
Project("{8BC9CEB8-8B4A-11D0-8D11-00A0C91BC942}") = "WallTable", "plugins\WallTable\WallTable.vcxproj", "{07E1D83C-DB73-4017-9CE6-90EAB0F0E44F}"
EndProject
Project("{8BC9CEB8-8B4A-11D0-8D11-00A0C91BC942}") = "BeamMarking", "plugins\BeamMarking\BeamMarking.vcxproj", "{05757303-0EF0-4133-9566-ED387B275077}"
EndProject
Project("{8BC9CEB8-8B4A-11D0-8D11-00A0C91BC942}") = "FloorMarking", "plugins\FloorMarking\FloorMarking.vcxproj", "{9D7CE3B5-0E4A-4B12-A1D4-3A2C0B6B68A4}"
EndProject
Project("{8BC9CEB8-8B4A-11D0-8D11-00A0C91BC942}") = "NegativeReinforce", "plugins\NegativeReinforce\NegativeReinforce.vcxproj", "{C82879C2-C2ED-4BBA-B475-A8CF738E91E4}"
EndProject
Project("{8BC9CEB8-8B4A-11D0-8D11-00A0C91BC942}") = "BeamCentreLine", "plugins\BeamCentreLine\BeamCentreLine.vcxproj", "{E427A741-DFF0-4484-9FF8-6D4D16311D33}"
EndProject
Project("{8BC9CEB8-8B4A-11D0-8D11-00A0C91BC942}") = "BeamTable", "plugins\BeamTable\BeamTable.vcxproj", "{3A25105A-24CA-4391-98F8-1786D9C2C926}"
EndProject
Global
	GlobalSection(SolutionConfigurationPlatforms) = preSolution
		Debug|x64 = Debug|x64
		Debug|x86 = Debug|x86
		Release|x64 = Release|x64
		Release|x86 = Release|x86
	EndGlobalSection
	GlobalSection(ProjectConfigurationPlatforms) = postSolution
		{52E04652-22E5-3611-B7CA-FDBC2AF67871}.Debug|x64.ActiveCfg = Debug|x64
		{52E04652-22E5-3611-B7CA-FDBC2AF67871}.Debug|x64.Build.0 = Debug|x64
		{52E04652-22E5-3611-B7CA-FDBC2AF67871}.Debug|x86.ActiveCfg = Debug|x64
		{52E04652-22E5-3611-B7CA-FDBC2AF67871}.Release|x64.ActiveCfg = Release|x64
		{52E04652-22E5-3611-B7CA-FDBC2AF67871}.Release|x64.Build.0 = Release|x64
		{52E04652-22E5-3611-B7CA-FDBC2AF67871}.Release|x86.ActiveCfg = Release|x64
		{C4157FFE-B5D5-3177-9D9E-18C33849DC3D}.Debug|x64.ActiveCfg = Debug|x64
		{C4157FFE-B5D5-3177-9D9E-18C33849DC3D}.Debug|x64.Build.0 = Debug|x64
		{C4157FFE-B5D5-3177-9D9E-18C33849DC3D}.Debug|x86.ActiveCfg = Debug|x64
		{C4157FFE-B5D5-3177-9D9E-18C33849DC3D}.Release|x64.ActiveCfg = Release|x64
		{C4157FFE-B5D5-3177-9D9E-18C33849DC3D}.Release|x64.Build.0 = Release|x64
		{C4157FFE-B5D5-3177-9D9E-18C33849DC3D}.Release|x86.ActiveCfg = Release|x64
		{36D48721-3B2E-3EBD-B7C8-8CE247EE2F03}.Debug|x64.ActiveCfg = Debug|x64
		{36D48721-3B2E-3EBD-B7C8-8CE247EE2F03}.Debug|x64.Build.0 = Debug|x64
		{36D48721-3B2E-3EBD-B7C8-8CE247EE2F03}.Debug|x86.ActiveCfg = Debug|x64
		{36D48721-3B2E-3EBD-B7C8-8CE247EE2F03}.Release|x64.ActiveCfg = Release|x64
		{36D48721-3B2E-3EBD-B7C8-8CE247EE2F03}.Release|x64.Build.0 = Release|x64
		{36D48721-3B2E-3EBD-B7C8-8CE247EE2F03}.Release|x86.ActiveCfg = Release|x64
		{93C42B3D-1899-302E-BC1C-BE48E7B13CE6}.Debug|x64.ActiveCfg = Debug|x64
		{93C42B3D-1899-302E-BC1C-BE48E7B13CE6}.Debug|x64.Build.0 = Debug|x64
		{93C42B3D-1899-302E-BC1C-BE48E7B13CE6}.Debug|x86.ActiveCfg = Debug|x64
		{93C42B3D-1899-302E-BC1C-BE48E7B13CE6}.Release|x64.ActiveCfg = Release|x64
		{93C42B3D-1899-302E-BC1C-BE48E7B13CE6}.Release|x64.Build.0 = Release|x64
		{93C42B3D-1899-302E-BC1C-BE48E7B13CE6}.Release|x86.ActiveCfg = Release|Win32
		{B9B35408-3AEF-3E70-95F7-C0131953E5E5}.Debug|x64.ActiveCfg = Debug|x64
		{B9B35408-3AEF-3E70-95F7-C0131953E5E5}.Debug|x64.Build.0 = Debug|x64
		{B9B35408-3AEF-3E70-95F7-C0131953E5E5}.Debug|x86.ActiveCfg = Debug|x64
		{B9B35408-3AEF-3E70-95F7-C0131953E5E5}.Release|x64.ActiveCfg = Release|x64
		{B9B35408-3AEF-3E70-95F7-C0131953E5E5}.Release|x64.Build.0 = Release|x64
		{B9B35408-3AEF-3E70-95F7-C0131953E5E5}.Release|x86.ActiveCfg = Release|x64
		{175E52AD-F46C-3B63-AF00-1A44F777333B}.Debug|x64.ActiveCfg = Debug|x64
		{175E52AD-F46C-3B63-AF00-1A44F777333B}.Debug|x64.Build.0 = Debug|x64
		{175E52AD-F46C-3B63-AF00-1A44F777333B}.Debug|x86.ActiveCfg = Debug|x64
		{175E52AD-F46C-3B63-AF00-1A44F777333B}.Release|x64.ActiveCfg = Release|x64
		{175E52AD-F46C-3B63-AF00-1A44F777333B}.Release|x64.Build.0 = Release|x64
		{175E52AD-F46C-3B63-AF00-1A44F777333B}.Release|x86.ActiveCfg = Release|x64
		{1181CCD7-CCD5-33FC-A767-DD35062BCA50}.Debug|x64.ActiveCfg = Debug|x64
		{1181CCD7-CCD5-33FC-A767-DD35062BCA50}.Debug|x64.Build.0 = Debug|x64
		{1181CCD7-CCD5-33FC-A767-DD35062BCA50}.Debug|x86.ActiveCfg = Debug|x64
		{1181CCD7-CCD5-33FC-A767-DD35062BCA50}.Release|x64.ActiveCfg = Release|x64
		{1181CCD7-CCD5-33FC-A767-DD35062BCA50}.Release|x64.Build.0 = Release|x64
		{1181CCD7-CCD5-33FC-A767-DD35062BCA50}.Release|x86.ActiveCfg = Release|x64
		{C8604451-9873-3E53-9691-03960E39F204}.Debug|x64.ActiveCfg = Debug|x64
		{C8604451-9873-3E53-9691-03960E39F204}.Debug|x64.Build.0 = Debug|x64
		{C8604451-9873-3E53-9691-03960E39F204}.Debug|x86.ActiveCfg = Debug|x64
		{C8604451-9873-3E53-9691-03960E39F204}.Release|x64.ActiveCfg = Release|x64
		{C8604451-9873-3E53-9691-03960E39F204}.Release|x64.Build.0 = Release|x64
		{C8604451-9873-3E53-9691-03960E39F204}.Release|x86.ActiveCfg = Release|x64
		{5C705DD7-AEC9-364A-8C13-0248C8512E77}.Debug|x64.ActiveCfg = Debug|x64
		{5C705DD7-AEC9-364A-8C13-0248C8512E77}.Debug|x64.Build.0 = Debug|x64
		{5C705DD7-AEC9-364A-8C13-0248C8512E77}.Debug|x86.ActiveCfg = Debug|x64
		{5C705DD7-AEC9-364A-8C13-0248C8512E77}.Release|x64.ActiveCfg = Release|x64
		{5C705DD7-AEC9-364A-8C13-0248C8512E77}.Release|x64.Build.0 = Release|x64
		{5C705DD7-AEC9-364A-8C13-0248C8512E77}.Release|x86.ActiveCfg = Release|x64
		{04225548-1F71-3004-A190-A4CD5B8AF7BD}.Debug|x64.ActiveCfg = Debug|x64
		{04225548-1F71-3004-A190-A4CD5B8AF7BD}.Debug|x64.Build.0 = Debug|x64
		{04225548-1F71-3004-A190-A4CD5B8AF7BD}.Debug|x86.ActiveCfg = Debug|x64
		{04225548-1F71-3004-A190-A4CD5B8AF7BD}.Release|x64.ActiveCfg = Release|x64
		{04225548-1F71-3004-A190-A4CD5B8AF7BD}.Release|x64.Build.0 = Release|x64
		{04225548-1F71-3004-A190-A4CD5B8AF7BD}.Release|x86.ActiveCfg = Release|x64
		{8E8F9E3C-1E14-3382-8151-A7E8D90B4B68}.Debug|x64.ActiveCfg = Debug|x64
		{8E8F9E3C-1E14-3382-8151-A7E8D90B4B68}.Debug|x64.Build.0 = Debug|x64
		{8E8F9E3C-1E14-3382-8151-A7E8D90B4B68}.Debug|x86.ActiveCfg = Debug|x64
		{8E8F9E3C-1E14-3382-8151-A7E8D90B4B68}.Release|x64.ActiveCfg = Release|x64
		{8E8F9E3C-1E14-3382-8151-A7E8D90B4B68}.Release|x64.Build.0 = Release|x64
		{8E8F9E3C-1E14-3382-8151-A7E8D90B4B68}.Release|x86.ActiveCfg = Release|x64
		{D39F69A0-6941-3ED6-B243-7ABBD3746FBD}.Debug|x64.ActiveCfg = Debug|x64
		{D39F69A0-6941-3ED6-B243-7ABBD3746FBD}.Debug|x64.Build.0 = Debug|x64
		{D39F69A0-6941-3ED6-B243-7ABBD3746FBD}.Debug|x86.ActiveCfg = Debug|x64
		{D39F69A0-6941-3ED6-B243-7ABBD3746FBD}.Release|x64.ActiveCfg = Release|x64
		{D39F69A0-6941-3ED6-B243-7ABBD3746FBD}.Release|x64.Build.0 = Release|x64
		{D39F69A0-6941-3ED6-B243-7ABBD3746FBD}.Release|x86.ActiveCfg = Release|x64
		{C9303C7F-89B2-3E50-8198-54E3FFC7468A}.Debug|x64.ActiveCfg = Debug|x64
		{C9303C7F-89B2-3E50-8198-54E3FFC7468A}.Debug|x64.Build.0 = Debug|x64
		{C9303C7F-89B2-3E50-8198-54E3FFC7468A}.Debug|x86.ActiveCfg = Debug|x64
		{C9303C7F-89B2-3E50-8198-54E3FFC7468A}.Release|x64.ActiveCfg = Release|x64
		{C9303C7F-89B2-3E50-8198-54E3FFC7468A}.Release|x64.Build.0 = Release|x64
		{C9303C7F-89B2-3E50-8198-54E3FFC7468A}.Release|x86.ActiveCfg = Release|x64
		{9F00614C-7E0B-3C12-ABB5-3B33BDF25905}.Debug|x64.ActiveCfg = Debug|x64
		{9F00614C-7E0B-3C12-ABB5-3B33BDF25905}.Debug|x64.Build.0 = Debug|x64
		{9F00614C-7E0B-3C12-ABB5-3B33BDF25905}.Debug|x86.ActiveCfg = Debug|x64
		{9F00614C-7E0B-3C12-ABB5-3B33BDF25905}.Release|x64.ActiveCfg = Release|x64
		{9F00614C-7E0B-3C12-ABB5-3B33BDF25905}.Release|x64.Build.0 = Release|x64
		{9F00614C-7E0B-3C12-ABB5-3B33BDF25905}.Release|x86.ActiveCfg = Release|x64
		{724B9EDE-FC7B-4D7F-8203-E901A3CFB5B2}.Debug|x64.ActiveCfg = Debug|x64
		{724B9EDE-FC7B-4D7F-8203-E901A3CFB5B2}.Debug|x64.Build.0 = Debug|x64
		{724B9EDE-FC7B-4D7F-8203-E901A3CFB5B2}.Debug|x86.ActiveCfg = Debug|x64
		{724B9EDE-FC7B-4D7F-8203-E901A3CFB5B2}.Release|x64.ActiveCfg = Release|x64
		{724B9EDE-FC7B-4D7F-8203-E901A3CFB5B2}.Release|x64.Build.0 = Release|x64
		{724B9EDE-FC7B-4D7F-8203-E901A3CFB5B2}.Release|x86.ActiveCfg = Release|x64
		{D6022BE9-3408-49ED-A5D7-F2B61902D32D}.Debug|x64.ActiveCfg = Debug|x64
		{D6022BE9-3408-49ED-A5D7-F2B61902D32D}.Debug|x64.Build.0 = Debug|x64
		{D6022BE9-3408-49ED-A5D7-F2B61902D32D}.Debug|x86.ActiveCfg = Debug|x64
		{D6022BE9-3408-49ED-A5D7-F2B61902D32D}.Release|x64.ActiveCfg = Release|x64
		{D6022BE9-3408-49ED-A5D7-F2B61902D32D}.Release|x64.Build.0 = Release|x64
		{D6022BE9-3408-49ED-A5D7-F2B61902D32D}.Release|x86.ActiveCfg = Release|x64
		{20B77F17-71D7-4740-96C2-BC509B444045}.Debug|x64.ActiveCfg = Debug|x64
		{20B77F17-71D7-4740-96C2-BC509B444045}.Debug|x64.Build.0 = Debug|x64
		{20B77F17-71D7-4740-96C2-BC509B444045}.Debug|x86.ActiveCfg = Debug|x64
		{20B77F17-71D7-4740-96C2-BC509B444045}.Release|x64.ActiveCfg = Release|x64
		{20B77F17-71D7-4740-96C2-BC509B444045}.Release|x64.Build.0 = Release|x64
		{20B77F17-71D7-4740-96C2-BC509B444045}.Release|x86.ActiveCfg = Release|x64
		{28AFB970-2D31-4F80-B6A2-1FEB51169AA3}.Debug|x64.ActiveCfg = Debug|x64
		{28AFB970-2D31-4F80-B6A2-1FEB51169AA3}.Debug|x64.Build.0 = Debug|x64
		{28AFB970-2D31-4F80-B6A2-1FEB51169AA3}.Debug|x86.ActiveCfg = Debug|x64
		{28AFB970-2D31-4F80-B6A2-1FEB51169AA3}.Release|x64.ActiveCfg = Release|x64
		{28AFB970-2D31-4F80-B6A2-1FEB51169AA3}.Release|x64.Build.0 = Release|x64
		{28AFB970-2D31-4F80-B6A2-1FEB51169AA3}.Release|x86.ActiveCfg = Release|x64
		{574E6C2B-3A27-458D-8D3B-2FF8E23BF17C}.Debug|x64.ActiveCfg = Debug|x64
		{574E6C2B-3A27-458D-8D3B-2FF8E23BF17C}.Debug|x64.Build.0 = Debug|x64
		{574E6C2B-3A27-458D-8D3B-2FF8E23BF17C}.Debug|x86.ActiveCfg = Debug|x64
		{574E6C2B-3A27-458D-8D3B-2FF8E23BF17C}.Release|x64.ActiveCfg = Release|x64
		{574E6C2B-3A27-458D-8D3B-2FF8E23BF17C}.Release|x64.Build.0 = Release|x64
		{574E6C2B-3A27-458D-8D3B-2FF8E23BF17C}.Release|x86.ActiveCfg = Release|x64
		{D4C3E290-404F-414F-AD4C-9D328507635F}.Debug|x64.ActiveCfg = Debug|x64
		{D4C3E290-404F-414F-AD4C-9D328507635F}.Debug|x64.Build.0 = Debug|x64
		{D4C3E290-404F-414F-AD4C-9D328507635F}.Debug|x86.ActiveCfg = Debug|Win32
		{D4C3E290-404F-414F-AD4C-9D328507635F}.Debug|x86.Build.0 = Debug|Win32
		{D4C3E290-404F-414F-AD4C-9D328507635F}.Release|x64.ActiveCfg = Release|x64
		{D4C3E290-404F-414F-AD4C-9D328507635F}.Release|x64.Build.0 = Release|x64
		{D4C3E290-404F-414F-AD4C-9D328507635F}.Release|x86.ActiveCfg = Release|Win32
		{D4C3E290-404F-414F-AD4C-9D328507635F}.Release|x86.Build.0 = Release|Win32
		{07E1D83C-DB73-4017-9CE6-90EAB0F0E44F}.Debug|x64.ActiveCfg = Debug|x64
		{07E1D83C-DB73-4017-9CE6-90EAB0F0E44F}.Debug|x64.Build.0 = Debug|x64
		{07E1D83C-DB73-4017-9CE6-90EAB0F0E44F}.Debug|x86.ActiveCfg = Debug|x64
		{07E1D83C-DB73-4017-9CE6-90EAB0F0E44F}.Release|x64.ActiveCfg = Release|x64
		{07E1D83C-DB73-4017-9CE6-90EAB0F0E44F}.Release|x64.Build.0 = Release|x64
		{07E1D83C-DB73-4017-9CE6-90EAB0F0E44F}.Release|x86.ActiveCfg = Release|x64
		{05757303-0EF0-4133-9566-ED387B275077}.Debug|x64.ActiveCfg = Debug|x64
		{05757303-0EF0-4133-9566-ED387B275077}.Debug|x64.Build.0 = Debug|x64
		{05757303-0EF0-4133-9566-ED387B275077}.Debug|x86.ActiveCfg = Debug|x64
		{05757303-0EF0-4133-9566-ED387B275077}.Release|x64.ActiveCfg = Release|x64
		{05757303-0EF0-4133-9566-ED387B275077}.Release|x64.Build.0 = Release|x64
		{05757303-0EF0-4133-9566-ED387B275077}.Release|x86.ActiveCfg = Release|x64
		{9D7CE3B5-0E4A-4B12-A1D4-3A2C0B6B68A4}.Debug|x64.ActiveCfg = Debug|x64
		{9D7CE3B5-0E4A-4B12-A1D4-3A2C0B6B68A4}.Debug|x64.Build.0 = Debug|x64
		{9D7CE3B5-0E4A-4B12-A1D4-3A2C0B6B68A4}.Debug|x86.ActiveCfg = Debug|x64
		{9D7CE3B5-0E4A-4B12-A1D4-3A2C0B6B68A4}.Release|x64.ActiveCfg = Release|x64
		{9D7CE3B5-0E4A-4B12-A1D4-3A2C0B6B68A4}.Release|x64.Build.0 = Release|x64
		{9D7CE3B5-0E4A-4B12-A1D4-3A2C0B6B68A4}.Release|x86.ActiveCfg = Release|Win32
		{C82879C2-C2ED-4BBA-B475-A8CF738E91E4}.Debug|x64.ActiveCfg = Debug|x64
		{C82879C2-C2ED-4BBA-B475-A8CF738E91E4}.Debug|x64.Build.0 = Debug|x64
		{C82879C2-C2ED-4BBA-B475-A8CF738E91E4}.Debug|x86.ActiveCfg = Debug|Win32
		{C82879C2-C2ED-4BBA-B475-A8CF738E91E4}.Debug|x86.Build.0 = Debug|Win32
		{C82879C2-C2ED-4BBA-B475-A8CF738E91E4}.Release|x64.ActiveCfg = Release|x64
		{C82879C2-C2ED-4BBA-B475-A8CF738E91E4}.Release|x64.Build.0 = Release|x64
		{C82879C2-C2ED-4BBA-B475-A8CF738E91E4}.Release|x86.ActiveCfg = Release|Win32
		{C82879C2-C2ED-4BBA-B475-A8CF738E91E4}.Release|x86.Build.0 = Release|Win32
		{E427A741-DFF0-4484-9FF8-6D4D16311D33}.Debug|x64.ActiveCfg = Debug|x64
		{E427A741-DFF0-4484-9FF8-6D4D16311D33}.Debug|x64.Build.0 = Debug|x64
		{E427A741-DFF0-4484-9FF8-6D4D16311D33}.Debug|x86.ActiveCfg = Debug|Win32
		{E427A741-DFF0-4484-9FF8-6D4D16311D33}.Debug|x86.Build.0 = Debug|Win32
		{E427A741-DFF0-4484-9FF8-6D4D16311D33}.Release|x64.ActiveCfg = Release|x64
		{E427A741-DFF0-4484-9FF8-6D4D16311D33}.Release|x64.Build.0 = Release|x64
		{E427A741-DFF0-4484-9FF8-6D4D16311D33}.Release|x86.ActiveCfg = Release|Win32
		{E427A741-DFF0-4484-9FF8-6D4D16311D33}.Release|x86.Build.0 = Release|Win32
		{3A25105A-24CA-4391-98F8-1786D9C2C926}.Debug|x64.ActiveCfg = Debug|x64
		{3A25105A-24CA-4391-98F8-1786D9C2C926}.Debug|x64.Build.0 = Debug|x64
		{3A25105A-24CA-4391-98F8-1786D9C2C926}.Debug|x86.ActiveCfg = Debug|x64
		{3A25105A-24CA-4391-98F8-1786D9C2C926}.Release|x64.ActiveCfg = Release|x64
		{3A25105A-24CA-4391-98F8-1786D9C2C926}.Release|x64.Build.0 = Release|x64
		{3A25105A-24CA-4391-98F8-1786D9C2C926}.Release|x86.ActiveCfg = Release|x64
	EndGlobalSection
	GlobalSection(SolutionProperties) = preSolution
		HideSolutionNode = FALSE
	EndGlobalSection
	GlobalSection(ExtensibilityGlobals) = postSolution
		Qt5Version = msvc2017_64
		SolutionGuid = {12A5BEF4-1FC6-4F40-8F30-F1D24ECA2620}
	EndGlobalSection
EndGlobal
