
Microsoft Visual Studio Solution File, Format Version 12.00
# Visual Studio 15
VisualStudioVersion = 15.0.27004.2002
MinimumVisualStudioVersion = 10.0.40219.1
Project("{8BC9CEB8-8B4A-11D0-8D11-00A0C91BC942}") = "ffplaymfc28", "ffplaymfc28\ffplaymfc28.vcxproj", "{B534CE7B-23A2-41B2-A774-AFC557EA2288}"
EndProject
Project("{8BC9CEB8-8B4A-11D0-8D11-00A0C91BC942}") = "ffplaymfc12", "ffplaymfc12\ffplaymfc12.vcxproj", "{4787D09E-13CE-46C6-A452-36148336AF4B}"
EndProject
Project("{8BC9CEB8-8B4A-11D0-8D11-00A0C91BC942}") = "Alien Attack", "Alien Attack\Alien Attack.vcxproj", "{ABE33FD5-59CF-4339-B6F0-BC0FD50B6F78}"
EndProject
Project("{8BC9CEB8-8B4A-11D0-8D11-00A0C91BC942}") = "ffplaymfc28-sdl2", "ffplaymfc28-sdl2\ffplaymfc28-sdl2.vcxproj", "{DE8C041C-9B3E-4D64-9BF4-06415A90634E}"
EndProject
Project("{8BC9CEB8-8B4A-11D0-8D11-00A0C91BC942}") = "SDL2", "SDL2\SDL2.vcxproj", "{2C8BEDF0-7CC4-462B-9199-CF89CAF86712}"
EndProject
Project("{8BC9CEB8-8B4A-11D0-8D11-00A0C91BC942}") = "SDL2TimerTest", "SDL2TimerTest\SDL2TimerTest.vcxproj", "{6E702ADA-5DC6-4762-B28A-1D4A939FA468}"
EndProject
Project("{8BC9CEB8-8B4A-11D0-8D11-00A0C91BC942}") = "FfplaySdl2", "FfplaySdl2\FfplaySdl2.vcxproj", "{A78A258E-D4C6-47D9-B260-B937E5740130}"
EndProject
Project("{2150E333-8FDC-42A3-9474-1A3956D46DE8}") = "test", "test", "{EA3B44B6-F08B-4077-9F68-CB0AF7DF5D3D}"
EndProject
Project("{8BC9CEB8-8B4A-11D0-8D11-00A0C91BC942}") = "FfplaySdl2Test", "FfplaySdl2Test\FfplaySdl2Test.vcxproj", "{22A5BDA5-F886-440B-831E-841890D0E55F}"
	ProjectSection(ProjectDependencies) = postProject
		{A78A258E-D4C6-47D9-B260-B937E5740130} = {A78A258E-D4C6-47D9-B260-B937E5740130}
		{04FA07EB-F841-4EE0-BC0B-5342E5C1455C} = {04FA07EB-F841-4EE0-BC0B-5342E5C1455C}
	EndProjectSection
EndProject
Project("{8BC9CEB8-8B4A-11D0-8D11-00A0C91BC942}") = "FfplaySdl2Pure", "FfplaySdl2Pure\FfplaySdl2Pure.vcxproj", "{04FA07EB-F841-4EE0-BC0B-5342E5C1455C}"
	ProjectSection(ProjectDependencies) = postProject
		{E7E922C7-71B3-4D35-9103-BECFCC29F8C0} = {E7E922C7-71B3-4D35-9103-BECFCC29F8C0}
	EndProjectSection
EndProject
Project("{8BC9CEB8-8B4A-11D0-8D11-00A0C91BC942}") = "ProtocolUtils", "ProtocolUtils\ProtocolUtils.vcxproj", "{E7E922C7-71B3-4D35-9103-BECFCC29F8C0}"
EndProject
Global
	GlobalSection(SolutionConfigurationPlatforms) = preSolution
		Debug|Win32 = Debug|Win32
		Release|Win32 = Release|Win32
	EndGlobalSection
	GlobalSection(ProjectConfigurationPlatforms) = postSolution
		{B534CE7B-23A2-41B2-A774-AFC557EA2288}.Debug|Win32.ActiveCfg = Debug|Win32
		{B534CE7B-23A2-41B2-A774-AFC557EA2288}.Debug|Win32.Build.0 = Debug|Win32
		{B534CE7B-23A2-41B2-A774-AFC557EA2288}.Release|Win32.ActiveCfg = Release|Win32
		{B534CE7B-23A2-41B2-A774-AFC557EA2288}.Release|Win32.Build.0 = Release|Win32
		{4787D09E-13CE-46C6-A452-36148336AF4B}.Debug|Win32.ActiveCfg = Debug|Win32
		{4787D09E-13CE-46C6-A452-36148336AF4B}.Debug|Win32.Build.0 = Debug|Win32
		{4787D09E-13CE-46C6-A452-36148336AF4B}.Release|Win32.ActiveCfg = Release|Win32
		{4787D09E-13CE-46C6-A452-36148336AF4B}.Release|Win32.Build.0 = Release|Win32
		{ABE33FD5-59CF-4339-B6F0-BC0FD50B6F78}.Debug|Win32.ActiveCfg = Debug|Win32
		{ABE33FD5-59CF-4339-B6F0-BC0FD50B6F78}.Debug|Win32.Build.0 = Debug|Win32
		{ABE33FD5-59CF-4339-B6F0-BC0FD50B6F78}.Release|Win32.ActiveCfg = Release|Win32
		{ABE33FD5-59CF-4339-B6F0-BC0FD50B6F78}.Release|Win32.Build.0 = Release|Win32
		{DE8C041C-9B3E-4D64-9BF4-06415A90634E}.Debug|Win32.ActiveCfg = Debug|Win32
		{DE8C041C-9B3E-4D64-9BF4-06415A90634E}.Debug|Win32.Build.0 = Debug|Win32
		{DE8C041C-9B3E-4D64-9BF4-06415A90634E}.Release|Win32.ActiveCfg = Release|Win32
		{DE8C041C-9B3E-4D64-9BF4-06415A90634E}.Release|Win32.Build.0 = Release|Win32
		{2C8BEDF0-7CC4-462B-9199-CF89CAF86712}.Debug|Win32.ActiveCfg = Debug|Win32
		{2C8BEDF0-7CC4-462B-9199-CF89CAF86712}.Debug|Win32.Build.0 = Debug|Win32
		{2C8BEDF0-7CC4-462B-9199-CF89CAF86712}.Release|Win32.ActiveCfg = Release|Win32
		{2C8BEDF0-7CC4-462B-9199-CF89CAF86712}.Release|Win32.Build.0 = Release|Win32
		{6E702ADA-5DC6-4762-B28A-1D4A939FA468}.Debug|Win32.ActiveCfg = Debug|Win32
		{6E702ADA-5DC6-4762-B28A-1D4A939FA468}.Debug|Win32.Build.0 = Debug|Win32
		{6E702ADA-5DC6-4762-B28A-1D4A939FA468}.Release|Win32.ActiveCfg = Release|Win32
		{6E702ADA-5DC6-4762-B28A-1D4A939FA468}.Release|Win32.Build.0 = Release|Win32
		{A78A258E-D4C6-47D9-B260-B937E5740130}.Debug|Win32.ActiveCfg = Debug|Win32
		{A78A258E-D4C6-47D9-B260-B937E5740130}.Debug|Win32.Build.0 = Debug|Win32
		{A78A258E-D4C6-47D9-B260-B937E5740130}.Release|Win32.ActiveCfg = Release|Win32
		{A78A258E-D4C6-47D9-B260-B937E5740130}.Release|Win32.Build.0 = Release|Win32
		{22A5BDA5-F886-440B-831E-841890D0E55F}.Debug|Win32.ActiveCfg = Debug|Win32
		{22A5BDA5-F886-440B-831E-841890D0E55F}.Debug|Win32.Build.0 = Debug|Win32
		{22A5BDA5-F886-440B-831E-841890D0E55F}.Release|Win32.ActiveCfg = Release|Win32
		{22A5BDA5-F886-440B-831E-841890D0E55F}.Release|Win32.Build.0 = Release|Win32
		{04FA07EB-F841-4EE0-BC0B-5342E5C1455C}.Debug|Win32.ActiveCfg = Debug|Win32
		{04FA07EB-F841-4EE0-BC0B-5342E5C1455C}.Debug|Win32.Build.0 = Debug|Win32
		{04FA07EB-F841-4EE0-BC0B-5342E5C1455C}.Release|Win32.ActiveCfg = Release|Win32
		{04FA07EB-F841-4EE0-BC0B-5342E5C1455C}.Release|Win32.Build.0 = Release|Win32
		{E7E922C7-71B3-4D35-9103-BECFCC29F8C0}.Debug|Win32.ActiveCfg = Debug|Win32
		{E7E922C7-71B3-4D35-9103-BECFCC29F8C0}.Debug|Win32.Build.0 = Debug|Win32
		{E7E922C7-71B3-4D35-9103-BECFCC29F8C0}.Release|Win32.ActiveCfg = Release|Win32
		{E7E922C7-71B3-4D35-9103-BECFCC29F8C0}.Release|Win32.Build.0 = Release|Win32
	EndGlobalSection
	GlobalSection(SolutionProperties) = preSolution
		HideSolutionNode = FALSE
	EndGlobalSection
	GlobalSection(NestedProjects) = preSolution
		{6E702ADA-5DC6-4762-B28A-1D4A939FA468} = {EA3B44B6-F08B-4077-9F68-CB0AF7DF5D3D}
		{22A5BDA5-F886-440B-831E-841890D0E55F} = {EA3B44B6-F08B-4077-9F68-CB0AF7DF5D3D}
	EndGlobalSection
	GlobalSection(ExtensibilityGlobals) = postSolution
		SolutionGuid = {8A3B1D91-0E16-40D9-B0B2-E378BFD2C98D}
	EndGlobalSection
EndGlobal
