<?xml version="1.0" encoding="utf-8"?>
<Project ToolsVersion="4.0" xmlns="http://schemas.microsoft.com/developer/msbuild/2003">
  <ItemGroup>
    <Filter Include="源文件">
      <UniqueIdentifier>{4FC737F1-C7A5-4376-A066-2A32D752A2FF}</UniqueIdentifier>
      <Extensions>cpp;c;cc;cxx;def;odl;idl;hpj;bat;asm;asmx</Extensions>
    </Filter>
    <Filter Include="头文件">
      <UniqueIdentifier>{93995380-89BD-4b04-88EB-625FBE52EBFB}</UniqueIdentifier>
      <Extensions>h;hpp;hxx;hm;inl;inc;xsd</Extensions>
    </Filter>
    <Filter Include="资源文件">
      <UniqueIdentifier>{67DA6AB6-F800-4c08-8B7A-83BB121AAD01}</UniqueIdentifier>
      <Extensions>rc;ico;cur;bmp;dlg;rc2;rct;bin;rgs;gif;jpg;jpeg;jpe;resx;tiff;tif;png;wav</Extensions>
    </Filter>
    <Filter Include="framework">
      <UniqueIdentifier>{4f9a88cf-c0a7-4512-81a9-3e1eaac0ea7b}</UniqueIdentifier>
    </Filter>
    <Filter Include="jsoncpp">
      <UniqueIdentifier>{bbbfa1c2-1a12-4ec8-8491-6bcea11ba652}</UniqueIdentifier>
    </Filter>
  </ItemGroup>
  <ItemGroup>
    <ClCompile Include="OwspClient.cpp">
      <Filter>源文件</Filter>
    </ClCompile>
    <ClCompile Include="OwspClientApp.cpp">
      <Filter>源文件</Filter>
    </ClCompile>
    <ClCompile Include="OwspLoginCommand.cpp">
      <Filter>源文件</Filter>
    </ClCompile>
    <ClCompile Include="stdafx.cpp">
      <Filter>源文件</Filter>
    </ClCompile>
    <ClCompile Include="framework\AbstractCommand.cpp">
      <Filter>framework</Filter>
    </ClCompile>
    <ClCompile Include="framework\BaseClient.cpp">
      <Filter>framework</Filter>
    </ClCompile>
    <ClCompile Include="framework\BasicHashTable.cpp">
      <Filter>framework</Filter>
    </ClCompile>
    <ClCompile Include="framework\BufferManager.cpp">
      <Filter>framework</Filter>
    </ClCompile>
    <ClCompile Include="framework\DelayQueue.cpp">
      <Filter>framework</Filter>
    </ClCompile>
    <ClCompile Include="framework\HashTable.cpp">
      <Filter>framework</Filter>
    </ClCompile>
    <ClCompile Include="framework\IOCPBuffer.cpp">
      <Filter>framework</Filter>
    </ClCompile>
    <ClCompile Include="framework\jmutex.cpp">
      <Filter>framework</Filter>
    </ClCompile>
    <ClCompile Include="framework\jthread.cpp">
      <Filter>framework</Filter>
    </ClCompile>
    <ClCompile Include="framework\Medium.cpp">
      <Filter>framework</Filter>
    </ClCompile>
    <ClCompile Include="framework\UsageEnvironment.cpp">
      <Filter>framework</Filter>
    </ClCompile>
    <ClCompile Include="CIpmsClient.cpp">
      <Filter>源文件</Filter>
    </ClCompile>
    <ClCompile Include="CIpmsRegisterCmd.cpp">
      <Filter>源文件</Filter>
    </ClCompile>
    <ClCompile Include="jsoncpp\lib_json\json_reader.cpp">
      <Filter>jsoncpp</Filter>
    </ClCompile>
    <ClCompile Include="jsoncpp\lib_json\json_value.cpp">
      <Filter>jsoncpp</Filter>
    </ClCompile>
    <ClCompile Include="jsoncpp\lib_json\json_writer.cpp">
      <Filter>jsoncpp</Filter>
    </ClCompile>
    <ClCompile Include="CIpmsUdpGroupCmd.cpp">
      <Filter>源文件</Filter>
    </ClCompile>
  </ItemGroup>
  <ItemGroup>
    <ClInclude Include="owsp_def.h">
      <Filter>头文件</Filter>
    </ClInclude>
    <ClInclude Include="OwspClient.h">
      <Filter>头文件</Filter>
    </ClInclude>
    <ClInclude Include="OwspLoginCommand.h">
      <Filter>头文件</Filter>
    </ClInclude>
    <ClInclude Include="stdafx.h">
      <Filter>头文件</Filter>
    </ClInclude>
    <ClInclude Include="targetver.h">
      <Filter>头文件</Filter>
    </ClInclude>
    <ClInclude Include="framework\AbstractCommand.h">
      <Filter>framework</Filter>
    </ClInclude>
    <ClInclude Include="framework\BaseClient.h">
      <Filter>framework</Filter>
    </ClInclude>
    <ClInclude Include="framework\BasicHashTable.h">
      <Filter>framework</Filter>
    </ClInclude>
    <ClInclude Include="framework\BufferManager.h">
      <Filter>framework</Filter>
    </ClInclude>
    <ClInclude Include="framework\DelayQueue.h">
      <Filter>framework</Filter>
    </ClInclude>
    <ClInclude Include="framework\HashTable.h">
      <Filter>framework</Filter>
    </ClInclude>
    <ClInclude Include="framework\IOCPBuffer.h">
      <Filter>framework</Filter>
    </ClInclude>
    <ClInclude Include="framework\jmutex.h">
      <Filter>framework</Filter>
    </ClInclude>
    <ClInclude Include="framework\jmutexautolock.h">
      <Filter>framework</Filter>
    </ClInclude>
    <ClInclude Include="framework\jthread.h">
      <Filter>framework</Filter>
    </ClInclude>
    <ClInclude Include="framework\Medium.h">
      <Filter>framework</Filter>
    </ClInclude>
    <ClInclude Include="framework\UsageEnvironment.h">
      <Filter>framework</Filter>
    </ClInclude>
    <ClInclude Include="CIpmsClient.h">
      <Filter>头文件</Filter>
    </ClInclude>
    <ClInclude Include="CIpmsRegisterCmd.h">
      <Filter>头文件</Filter>
    </ClInclude>
    <ClInclude Include="CIpmsUdpGroupCmd.h">
      <Filter>头文件</Filter>
    </ClInclude>
  </ItemGroup>
  <ItemGroup>
    <None Include="ReadMe.txt" />
  </ItemGroup>
</Project>