<?xml version="1.0" encoding="utf-8"?>
<Project ToolsVersion="4.0" xmlns="http://schemas.microsoft.com/developer/msbuild/2003">
  <ItemGroup>
    <Filter Include="Source Files">
      <UniqueIdentifier>{4FC737F1-C7A5-4376-A066-2A32D752A2FF}</UniqueIdentifier>
      <Extensions>cpp;c;cc;cxx;def;odl;idl;hpj;bat;asm;asmx</Extensions>
    </Filter>
    <Filter Include="Header Files">
      <UniqueIdentifier>{93995380-89BD-4b04-88EB-625FBE52EBFB}</UniqueIdentifier>
      <Extensions>h;hh;hpp;hxx;hm;inl;inc;xsd</Extensions>
    </Filter>
    <Filter Include="Resource Files">
      <UniqueIdentifier>{67DA6AB6-F800-4c08-8B7A-83BB121AAD01}</UniqueIdentifier>
      <Extensions>rc;ico;cur;bmp;dlg;rc2;rct;bin;rgs;gif;jpg;jpeg;jpe;resx;tiff;tif;png;wav;mfcribbon-ms</Extensions>
    </Filter>
    <Filter Include="framework">
      <UniqueIdentifier>{deb07dc6-b587-433c-8e77-0b8288a9cea5}</UniqueIdentifier>
    </Filter>
  </ItemGroup>
  <ItemGroup>
    <Text Include="ReadMe.txt" />
  </ItemGroup>
  <ItemGroup>
    <ClInclude Include="stdafx.h">
      <Filter>Header Files</Filter>
    </ClInclude>
    <ClInclude Include="targetver.h">
      <Filter>Header Files</Filter>
    </ClInclude>
    <ClInclude Include="DataOperation.h">
      <Filter>Header Files</Filter>
    </ClInclude>
    <ClInclude Include="activepsparser.h">
      <Filter>Header Files</Filter>
    </ClInclude>
    <ClInclude Include="VideoSequence.h">
      <Filter>Header Files</Filter>
    </ClInclude>
    <ClInclude Include="PackParse.h">
      <Filter>Header Files</Filter>
    </ClInclude>
    <ClInclude Include="bitstream.h">
      <Filter>Header Files</Filter>
    </ClInclude>
    <ClInclude Include="ProgramStreamPacketizer.h">
      <Filter>Header Files</Filter>
    </ClInclude>
    <ClInclude Include="framework\AbstractCommand.h">
      <Filter>framework</Filter>
    </ClInclude>
    <ClInclude Include="framework\BaseClient.h">
      <Filter>framework</Filter>
    </ClInclude>
    <ClInclude Include="framework\BasicHashTable.h">
      <Filter>framework</Filter>
    </ClInclude>
    <ClInclude Include="framework\BufferManager.h">
      <Filter>framework</Filter>
    </ClInclude>
    <ClInclude Include="framework\DelayQueue.h">
      <Filter>framework</Filter>
    </ClInclude>
    <ClInclude Include="framework\HashTable.h">
      <Filter>framework</Filter>
    </ClInclude>
    <ClInclude Include="framework\IOCPBuffer.h">
      <Filter>framework</Filter>
    </ClInclude>
    <ClInclude Include="framework\jmutex.h">
      <Filter>framework</Filter>
    </ClInclude>
    <ClInclude Include="framework\jmutexautolock.h">
      <Filter>framework</Filter>
    </ClInclude>
    <ClInclude Include="framework\jthread.h">
      <Filter>framework</Filter>
    </ClInclude>
    <ClInclude Include="framework\Medium.h">
      <Filter>framework</Filter>
    </ClInclude>
    <ClInclude Include="framework\UsageEnvironment.h">
      <Filter>framework</Filter>
    </ClInclude>
    <ClInclude Include="ProtocolUtils.h">
      <Filter>Header Files</Filter>
    </ClInclude>
    <ClInclude Include="OwspClient.h">
      <Filter>Header Files</Filter>
    </ClInclude>
    <ClInclude Include="OwspLoginCommand.h">
      <Filter>Header Files</Filter>
    </ClInclude>
  </ItemGroup>
  <ItemGroup>
    <ClCompile Include="stdafx.cpp">
      <Filter>Source Files</Filter>
    </ClCompile>
    <ClCompile Include="DataOperation.cpp">
      <Filter>Source Files</Filter>
    </ClCompile>
    <ClCompile Include="activepsparser.cpp">
      <Filter>Source Files</Filter>
    </ClCompile>
    <ClCompile Include="VideoSequence.cpp">
      <Filter>Source Files</Filter>
    </ClCompile>
    <ClCompile Include="PackParse.cpp">
      <Filter>Source Files</Filter>
    </ClCompile>
    <ClCompile Include="bitstream.c">
      <Filter>Source Files</Filter>
    </ClCompile>
    <ClCompile Include="crc32.c">
      <Filter>Source Files</Filter>
    </ClCompile>
    <ClCompile Include="ProgramStreamPacketizer.cpp">
      <Filter>Source Files</Filter>
    </ClCompile>
    <ClCompile Include="framework\AbstractCommand.cpp">
      <Filter>framework</Filter>
    </ClCompile>
    <ClCompile Include="framework\BaseClient.cpp">
      <Filter>framework</Filter>
    </ClCompile>
    <ClCompile Include="framework\BasicHashTable.cpp">
      <Filter>framework</Filter>
    </ClCompile>
    <ClCompile Include="framework\BufferManager.cpp">
      <Filter>framework</Filter>
    </ClCompile>
    <ClCompile Include="framework\DelayQueue.cpp">
      <Filter>framework</Filter>
    </ClCompile>
    <ClCompile Include="framework\HashTable.cpp">
      <Filter>framework</Filter>
    </ClCompile>
    <ClCompile Include="framework\IOCPBuffer.cpp">
      <Filter>framework</Filter>
    </ClCompile>
    <ClCompile Include="framework\jmutex.cpp">
      <Filter>framework</Filter>
    </ClCompile>
    <ClCompile Include="framework\jthread.cpp">
      <Filter>framework</Filter>
    </ClCompile>
    <ClCompile Include="framework\Medium.cpp">
      <Filter>framework</Filter>
    </ClCompile>
    <ClCompile Include="framework\UsageEnvironment.cpp">
      <Filter>framework</Filter>
    </ClCompile>
    <ClCompile Include="OwspClient.cpp">
      <Filter>Source Files</Filter>
    </ClCompile>
    <ClCompile Include="OwspLoginCommand.cpp">
      <Filter>Source Files</Filter>
    </ClCompile>
  </ItemGroup>
</Project>